
Microsoft Visual Studio Solution File, Format Version 12.00
# Visual Studio Version 17
VisualStudioVersion = 17.12.35506.116
MinimumVisualStudioVersion = 10.0.40219.1
Project("{2150E333-8FDC-42A3-9474-1A3956D46DE8}") = "src", "src", "{CDE29264-74AD-4515-A524-20BF72B4AFA5}"
EndProject
Project("{2150E333-8FDC-42A3-9474-1A3956D46DE8}") = "tests", "tests", "{02874BB4-BDFB-4096-9AD9-EE3E7C6A2E6B}"
EndProject
Project("{2150E333-8FDC-42A3-9474-1A3956D46DE8}") = "1-Services", "1-Services", "{D2168B61-4CFE-4D4E-AB62-FA78E51D29D2}"
EndProject
Project("{2150E333-8FDC-42A3-9474-1A3956D46DE8}") = "2-Application", "2-Application", "{A3513E4F-020B-40BB-B10F-E720AB1A9CD4}"
EndProject
Project("{2150E333-8FDC-42A3-9474-1A3956D46DE8}") = "3-Infra", "3-Infra", "{67084841-4456-4C0E-A606-69BDB1E8E1EE}"
EndProject
Project("{2150E333-8FDC-42A3-9474-1A3956D46DE8}") = "4-Domain", "4-Domain", "{94169AE4-34F7-4897-879E-FD8DF8BFEA4E}"
EndProject
Project("{2150E333-8FDC-42A3-9474-1A3956D46DE8}") = "0-Presentation", "0-Presentation", "{3E0FF5A3-FE02-49B3-8F5E-0F321A035377}"
EndProject
Project("{FAE04EC0-301F-11D3-BF4B-00C04F79EFBC}") = "YT.Generate.Cuts.Application.VideoExtraction", "YT.Generate.Cuts.Application.VideoExtraction\YT.Generate.Cuts.Application.VideoExtraction.csproj", "{B190748A-5BBF-486D-9680-19E1D3CA6CF0}"
EndProject
Project("{FAE04EC0-301F-11D3-BF4B-00C04F79EFBC}") = "YT.Generate.Cuts.Application.Abstractions", "YT.Generate.Cuts.Application.Abstractions\YT.Generate.Cuts.Application.Abstractions.csproj", "{B2AAE298-ADD0-4FB7-A590-8673F9328C0C}"
EndProject
Project("{2150E333-8FDC-42A3-9474-1A3956D46DE8}") = "Application", "Application", "{19AC39F9-5A6B-4998-994D-4B22A5DAE346}"
EndProject
Project("{FAE04EC0-301F-11D3-BF4B-00C04F79EFBC}") = "YT.Generate.Cuts.Application.VideoExtraction.Tests", "YT.Generate.Cuts.Application.VideoExtraction.Tests\YT.Generate.Cuts.Application.VideoExtraction.Tests.csproj", "{806F0DDF-B5F6-459A-B4AB-C2C9A6BE0F35}"
EndProject
Project("{FAE04EC0-301F-11D3-BF4B-00C04F79EFBC}") = "YT.Generate.Cuts.Domain", "YT.Generate.Cuts.Domain\YT.Generate.Cuts.Domain.csproj", "{6EB99901-6B8D-4717-AC78-AE7E6C6717F8}"
EndProject
Project("{FAE04EC0-301F-11D3-BF4B-00C04F79EFBC}") = "YT.Generate.Cuts.Infra.Data", "YT.Generate.Cuts.Infra.Data\YT.Generate.Cuts.Infra.Data.csproj", "{6C19391E-E12F-4865-B37F-E268EA9B7063}"
EndProject
Project("{FAE04EC0-301F-11D3-BF4B-00C04F79EFBC}") = "YT.Generate.Cuts.Infra.Data.Abstractions", "YT.Generate.Cuts.Infra.Data.Abstractions\YT.Generate.Cuts.Infra.Data.Abstractions.csproj", "{47AC1C5B-2221-4C80-8BB2-9BA661BF6491}"
EndProject
Project("{FAE04EC0-301F-11D3-BF4B-00C04F79EFBC}") = "YT.Generate.Cuts.Worker.VideoExtraction", "YT.Generate.Cuts.Worker.VideoExtraction\YT.Generate.Cuts.Worker.VideoExtraction.csproj", "{A9C2B70E-38BB-4F91-9110-726AE5C95CA1}"
EndProject
Project("{E53339B2-1760-4266-BCC7-CA923CBCF16C}") = "docker-compose", "docker-compose.dcproj", "{96D97B91-1330-4272-B464-5730C1ECD452}"
EndProject
Global
	GlobalSection(SolutionConfigurationPlatforms) = preSolution
		Debug|Any CPU = Debug|Any CPU
		Release|Any CPU = Release|Any CPU
	EndGlobalSection
	GlobalSection(ProjectConfigurationPlatforms) = postSolution
		{B190748A-5BBF-486D-9680-19E1D3CA6CF0}.Debug|Any CPU.ActiveCfg = Debug|Any CPU
		{B190748A-5BBF-486D-9680-19E1D3CA6CF0}.Debug|Any CPU.Build.0 = Debug|Any CPU
		{B190748A-5BBF-486D-9680-19E1D3CA6CF0}.Release|Any CPU.ActiveCfg = Release|Any CPU
		{B190748A-5BBF-486D-9680-19E1D3CA6CF0}.Release|Any CPU.Build.0 = Release|Any CPU
		{B2AAE298-ADD0-4FB7-A590-8673F9328C0C}.Debug|Any CPU.ActiveCfg = Debug|Any CPU
		{B2AAE298-ADD0-4FB7-A590-8673F9328C0C}.Debug|Any CPU.Build.0 = Debug|Any CPU
		{B2AAE298-ADD0-4FB7-A590-8673F9328C0C}.Release|Any CPU.ActiveCfg = Release|Any CPU
		{B2AAE298-ADD0-4FB7-A590-8673F9328C0C}.Release|Any CPU.Build.0 = Release|Any CPU
		{806F0DDF-B5F6-459A-B4AB-C2C9A6BE0F35}.Debug|Any CPU.ActiveCfg = Debug|Any CPU
		{806F0DDF-B5F6-459A-B4AB-C2C9A6BE0F35}.Debug|Any CPU.Build.0 = Debug|Any CPU
		{806F0DDF-B5F6-459A-B4AB-C2C9A6BE0F35}.Release|Any CPU.ActiveCfg = Release|Any CPU
		{806F0DDF-B5F6-459A-B4AB-C2C9A6BE0F35}.Release|Any CPU.Build.0 = Release|Any CPU
		{6EB99901-6B8D-4717-AC78-AE7E6C6717F8}.Debug|Any CPU.ActiveCfg = Debug|Any CPU
		{6EB99901-6B8D-4717-AC78-AE7E6C6717F8}.Debug|Any CPU.Build.0 = Debug|Any CPU
		{6EB99901-6B8D-4717-AC78-AE7E6C6717F8}.Release|Any CPU.ActiveCfg = Release|Any CPU
		{6EB99901-6B8D-4717-AC78-AE7E6C6717F8}.Release|Any CPU.Build.0 = Release|Any CPU
		{6C19391E-E12F-4865-B37F-E268EA9B7063}.Debug|Any CPU.ActiveCfg = Debug|Any CPU
		{6C19391E-E12F-4865-B37F-E268EA9B7063}.Debug|Any CPU.Build.0 = Debug|Any CPU
		{6C19391E-E12F-4865-B37F-E268EA9B7063}.Release|Any CPU.ActiveCfg = Release|Any CPU
		{6C19391E-E12F-4865-B37F-E268EA9B7063}.Release|Any CPU.Build.0 = Release|Any CPU
		{47AC1C5B-2221-4C80-8BB2-9BA661BF6491}.Debug|Any CPU.ActiveCfg = Debug|Any CPU
		{47AC1C5B-2221-4C80-8BB2-9BA661BF6491}.Debug|Any CPU.Build.0 = Debug|Any CPU
		{47AC1C5B-2221-4C80-8BB2-9BA661BF6491}.Release|Any CPU.ActiveCfg = Release|Any CPU
		{47AC1C5B-2221-4C80-8BB2-9BA661BF6491}.Release|Any CPU.Build.0 = Release|Any CPU
		{A9C2B70E-38BB-4F91-9110-726AE5C95CA1}.Debug|Any CPU.ActiveCfg = Debug|Any CPU
		{A9C2B70E-38BB-4F91-9110-726AE5C95CA1}.Debug|Any CPU.Build.0 = Debug|Any CPU
		{A9C2B70E-38BB-4F91-9110-726AE5C95CA1}.Release|Any CPU.ActiveCfg = Release|Any CPU
		{A9C2B70E-38BB-4F91-9110-726AE5C95CA1}.Release|Any CPU.Build.0 = Release|Any CPU
		{96D97B91-1330-4272-B464-5730C1ECD452}.Debug|Any CPU.ActiveCfg = Debug|Any CPU
		{96D97B91-1330-4272-B464-5730C1ECD452}.Debug|Any CPU.Build.0 = Debug|Any CPU
		{96D97B91-1330-4272-B464-5730C1ECD452}.Release|Any CPU.ActiveCfg = Release|Any CPU
		{96D97B91-1330-4272-B464-5730C1ECD452}.Release|Any CPU.Build.0 = Release|Any CPU
	EndGlobalSection
	GlobalSection(SolutionProperties) = preSolution
		HideSolutionNode = FALSE
	EndGlobalSection
	GlobalSection(NestedProjects) = preSolution
		{D2168B61-4CFE-4D4E-AB62-FA78E51D29D2} = {CDE29264-74AD-4515-A524-20BF72B4AFA5}
		{A3513E4F-020B-40BB-B10F-E720AB1A9CD4} = {CDE29264-74AD-4515-A524-20BF72B4AFA5}
		{67084841-4456-4C0E-A606-69BDB1E8E1EE} = {CDE29264-74AD-4515-A524-20BF72B4AFA5}
		{94169AE4-34F7-4897-879E-FD8DF8BFEA4E} = {CDE29264-74AD-4515-A524-20BF72B4AFA5}
		{3E0FF5A3-FE02-49B3-8F5E-0F321A035377} = {CDE29264-74AD-4515-A524-20BF72B4AFA5}
		{B190748A-5BBF-486D-9680-19E1D3CA6CF0} = {A3513E4F-020B-40BB-B10F-E720AB1A9CD4}
		{B2AAE298-ADD0-4FB7-A590-8673F9328C0C} = {A3513E4F-020B-40BB-B10F-E720AB1A9CD4}
		{19AC39F9-5A6B-4998-994D-4B22A5DAE346} = {02874BB4-BDFB-4096-9AD9-EE3E7C6A2E6B}
		{806F0DDF-B5F6-459A-B4AB-C2C9A6BE0F35} = {19AC39F9-5A6B-4998-994D-4B22A5DAE346}
		{6EB99901-6B8D-4717-AC78-AE7E6C6717F8} = {94169AE4-34F7-4897-879E-FD8DF8BFEA4E}
		{6C19391E-E12F-4865-B37F-E268EA9B7063} = {67084841-4456-4C0E-A606-69BDB1E8E1EE}
		{47AC1C5B-2221-4C80-8BB2-9BA661BF6491} = {67084841-4456-4C0E-A606-69BDB1E8E1EE}
		{A9C2B70E-38BB-4F91-9110-726AE5C95CA1} = {D2168B61-4CFE-4D4E-AB62-FA78E51D29D2}
		{96D97B91-1330-4272-B464-5730C1ECD452} = {CDE29264-74AD-4515-A524-20BF72B4AFA5}
	EndGlobalSection
EndGlobal
